// !$*UTF8*$!
{
	archiveVersion = 1;
	classes = {
	};
	objectVersion = 46;
	objects = {

/* Begin PBXBuildFile section */
		AC2C53231BB6645F00A616A8 /* AppDelegate.swift in Sources */ = {isa = PBXBuildFile; fileRef = AC2C53221BB6645F00A616A8 /* AppDelegate.swift */; };
		AC2C53251BB6645F00A616A8 /* ViewController.swift in Sources */ = {isa = PBXBuildFile; fileRef = AC2C53241BB6645F00A616A8 /* ViewController.swift */; };
		AC2C53281BB6645F00A616A8 /* Main.storyboard in Resources */ = {isa = PBXBuildFile; fileRef = AC2C53261BB6645F00A616A8 /* Main.storyboard */; };
		AC2C532A1BB6645F00A616A8 /* Assets.xcassets in Resources */ = {isa = PBXBuildFile; fileRef = AC2C53291BB6645F00A616A8 /* Assets.xcassets */; };
		AC2C532D1BB6645F00A616A8 /* LaunchScreen.storyboard in Resources */ = {isa = PBXBuildFile; fileRef = AC2C532B1BB6645F00A616A8 /* LaunchScreen.storyboard */; };
		AC2C53381BB6646000A616A8 /* shoppingListAppTests.swift in Sources */ = {isa = PBXBuildFile; fileRef = AC2C53371BB6646000A616A8 /* shoppingListAppTests.swift */; };
		AC2C53431BB6646000A616A8 /* shoppingListAppUITests.swift in Sources */ = {isa = PBXBuildFile; fileRef = AC2C53421BB6646000A616A8 /* shoppingListAppUITests.swift */; };
/* End PBXBuildFile section */

/* Begin PBXContainerItemProxy section */
		AC2C53341BB6646000A616A8 /* PBXContainerItemProxy */ = {
			isa = PBXContainerItemProxy;
			containerPortal = AC2C53171BB6645F00A616A8 /* Project object */;
			proxyType = 1;
			remoteGlobalIDString = AC2C531E1BB6645F00A616A8;
			remoteInfo = shoppingListApp;
		};
		AC2C533F1BB6646000A616A8 /* PBXContainerItemProxy */ = {
			isa = PBXContainerItemProxy;
			containerPortal = AC2C53171BB6645F00A616A8 /* Project object */;
			proxyType = 1;
			remoteGlobalIDString = AC2C531E1BB6645F00A616A8;
			remoteInfo = shoppingListApp;
		};
/* End PBXContainerItemProxy section */

/* Begin PBXFileReference section */
		AC2C531F1BB6645F00A616A8 /* shoppingListApp.app */ = {isa = PBXFileReference; explicitFileType = wrapper.application; includeInIndex = 0; path = shoppingListApp.app; sourceTree = BUILT_PRODUCTS_DIR; };
		AC2C53221BB6645F00A616A8 /* AppDelegate.swift */ = {isa = PBXFileReference; lastKnownFileType = sourcecode.swift; path = AppDelegate.swift; sourceTree = "<group>"; };
		AC2C53241BB6645F00A616A8 /* ViewController.swift */ = {isa = PBXFileReference; lastKnownFileType = sourcecode.swift; path = ViewController.swift; sourceTree = "<group>"; };
		AC2C53271BB6645F00A616A8 /* Base */ = {isa = PBXFileReference; lastKnownFileType = file.storyboard; name = Base; path = Base.lproj/Main.storyboard; sourceTree = "<group>"; };
		AC2C53291BB6645F00A616A8 /* Assets.xcassets */ = {isa = PBXFileReference; lastKnownFileType = folder.assetcatalog; path = Assets.xcassets; sourceTree = "<group>"; };
		AC2C532C1BB6645F00A616A8 /* Base */ = {isa = PBXFileReference; lastKnownFileType = file.storyboard; name = Base; path = Base.lproj/LaunchScreen.storyboard; sourceTree = "<group>"; };
		AC2C532E1BB6645F00A616A8 /* Info.plist */ = {isa = PBXFileReference; lastKnownFileType = text.plist.xml; path = Info.plist; sourceTree = "<group>"; };
		AC2C53331BB6646000A616A8 /* shoppingListAppTests.xctest */ = {isa = PBXFileReference; explicitFileType = wrapper.cfbundle; includeInIndex = 0; path = shoppingListAppTests.xctest; sourceTree = BUILT_PRODUCTS_DIR; };
		AC2C53371BB6646000A616A8 /* shoppingListAppTests.swift */ = {isa = PBXFileReference; lastKnownFileType = sourcecode.swift; path = shoppingListAppTests.swift; sourceTree = "<group>"; };
		AC2C53391BB6646000A616A8 /* Info.plist */ = {isa = PBXFileReference; lastKnownFileType = text.plist.xml; path = Info.plist; sourceTree = "<group>"; };
		AC2C533E1BB6646000A616A8 /* shoppingListAppUITests.xctest */ = {isa = PBXFileReference; explicitFileType = wrapper.cfbundle; includeInIndex = 0; path = shoppingListAppUITests.xctest; sourceTree = BUILT_PRODUCTS_DIR; };
		AC2C53421BB6646000A616A8 /* shoppingListAppUITests.swift */ = {isa = PBXFileReference; lastKnownFileType = sourcecode.swift; path = shoppingListAppUITests.swift; sourceTree = "<group>"; };
		AC2C53441BB6646000A616A8 /* Info.plist */ = {isa = PBXFileReference; lastKnownFileType = text.plist.xml; path = Info.plist; sourceTree = "<group>"; };
/* End PBXFileReference section */

/* Begin PBXFrameworksBuildPhase section */
		AC2C531C1BB6645F00A616A8 /* Frameworks */ = {
			isa = PBXFrameworksBuildPhase;
			buildActionMask = 2147483647;
			files = (
			);
			runOnlyForDeploymentPostprocessing = 0;
		};
		AC2C53301BB6646000A616A8 /* Frameworks */ = {
			isa = PBXFrameworksBuildPhase;
			buildActionMask = 2147483647;
			files = (
			);
			runOnlyForDeploymentPostprocessing = 0;
		};
		AC2C533B1BB6646000A616A8 /* Frameworks */ = {
			isa = PBXFrameworksBuildPhase;
			buildActionMask = 2147483647;
			files = (
			);
			runOnlyForDeploymentPostprocessing = 0;
		};
/* End PBXFrameworksBuildPhase section */

/* Begin PBXGroup section */
		AC2C53161BB6645F00A616A8 = {
			isa = PBXGroup;
			children = (
				AC2C53211BB6645F00A616A8 /* shoppingListApp */,
				AC2C53361BB6646000A616A8 /* shoppingListAppTests */,
				AC2C53411BB6646000A616A8 /* shoppingListAppUITests */,
				AC2C53201BB6645F00A616A8 /* Products */,
			);
			sourceTree = "<group>";
		};
		AC2C53201BB6645F00A616A8 /* Products */ = {
			isa = PBXGroup;
			children = (
				AC2C531F1BB6645F00A616A8 /* shoppingListApp.app */,
				AC2C53331BB6646000A616A8 /* shoppingListAppTests.xctest */,
				AC2C533E1BB6646000A616A8 /* shoppingListAppUITests.xctest */,
			);
			name = Products;
			sourceTree = "<group>";
		};
		AC2C53211BB6645F00A616A8 /* shoppingListApp */ = {
			isa = PBXGroup;
			children = (
				AC2C53221BB6645F00A616A8 /* AppDelegate.swift */,
				AC2C53241BB6645F00A616A8 /* ViewController.swift */,
				AC2C53261BB6645F00A616A8 /* Main.storyboard */,
				AC2C53291BB6645F00A616A8 /* Assets.xcassets */,
				AC2C532B1BB6645F00A616A8 /* LaunchScreen.storyboard */,
				AC2C532E1BB6645F00A616A8 /* Info.plist */,
			);
			path = shoppingListApp;
			sourceTree = "<group>";
		};
		AC2C53361BB6646000A616A8 /* shoppingListAppTests */ = {
			isa = PBXGroup;
			children = (
				AC2C53371BB6646000A616A8 /* shoppingListAppTests.swift */,
				AC2C53391BB6646000A616A8 /* Info.plist */,
			);
			path = shoppingListAppTests;
			sourceTree = "<group>";
		};
		AC2C53411BB6646000A616A8 /* shoppingListAppUITests */ = {
			isa = PBXGroup;
			children = (
				AC2C53421BB6646000A616A8 /* shoppingListAppUITests.swift */,
				AC2C53441BB6646000A616A8 /* Info.plist */,
			);
			path = shoppingListAppUITests;
			sourceTree = "<group>";
		};
/* End PBXGroup section */

/* Begin PBXNativeTarget section */
		AC2C531E1BB6645F00A616A8 /* shoppingListApp */ = {
			isa = PBXNativeTarget;
			buildConfigurationList = AC2C53471BB6646000A616A8 /* Build configuration list for PBXNativeTarget "shoppingListApp" */;
			buildPhases = (
				AC2C531B1BB6645F00A616A8 /* Sources */,
				AC2C531C1BB6645F00A616A8 /* Frameworks */,
				AC2C531D1BB6645F00A616A8 /* Resources */,
			);
			buildRules = (
			);
			dependencies = (
			);
			name = shoppingListApp;
			productName = shoppingListApp;
			productReference = AC2C531F1BB6645F00A616A8 /* shoppingListApp.app */;
			productType = "com.apple.product-type.application";
		};
		AC2C53321BB6646000A616A8 /* shoppingListAppTests */ = {
			isa = PBXNativeTarget;
			buildConfigurationList = AC2C534A1BB6646000A616A8 /* Build configuration list for PBXNativeTarget "shoppingListAppTests" */;
			buildPhases = (
				AC2C532F1BB6646000A616A8 /* Sources */,
				AC2C53301BB6646000A616A8 /* Frameworks */,
				AC2C53311BB6646000A616A8 /* Resources */,
			);
			buildRules = (
			);
			dependencies = (
				AC2C53351BB6646000A616A8 /* PBXTargetDependency */,
			);
			name = shoppingListAppTests;
			productName = shoppingListAppTests;
			productReference = AC2C53331BB6646000A616A8 /* shoppingListAppTests.xctest */;
			productType = "com.apple.product-type.bundle.unit-test";
		};
		AC2C533D1BB6646000A616A8 /* shoppingListAppUITests */ = {
			isa = PBXNativeTarget;
			buildConfigurationList = AC2C534D1BB6646000A616A8 /* Build configuration list for PBXNativeTarget "shoppingListAppUITests" */;
			buildPhases = (
				AC2C533A1BB6646000A616A8 /* Sources */,
				AC2C533B1BB6646000A616A8 /* Frameworks */,
				AC2C533C1BB6646000A616A8 /* Resources */,
			);
			buildRules = (
			);
			dependencies = (
				AC2C53401BB6646000A616A8 /* PBXTargetDependency */,
			);
			name = shoppingListAppUITests;
			productName = shoppingListAppUITests;
			productReference = AC2C533E1BB6646000A616A8 /* shoppingListAppUITests.xctest */;
			productType = "com.apple.product-type.bundle.ui-testing";
		};
/* End PBXNativeTarget section */

/* Begin PBXProject section */
		AC2C53171BB6645F00A616A8 /* Project object */ = {
			isa = PBXProject;
			attributes = {
				LastUpgradeCheck = 0700;
				ORGANIZATIONNAME = "Digital Mirko";
				TargetAttributes = {
					AC2C531E1BB6645F00A616A8 = {
						CreatedOnToolsVersion = 7.0;
					};
					AC2C53321BB6646000A616A8 = {
						CreatedOnToolsVersion = 7.0;
						TestTargetID = AC2C531E1BB6645F00A616A8;
					};
					AC2C533D1BB6646000A616A8 = {
						CreatedOnToolsVersion = 7.0;
						TestTargetID = AC2C531E1BB6645F00A616A8;
					};
				};
			};
			buildConfigurationList = AC2C531A1BB6645F00A616A8 /* Build configuration list for PBXProject "shoppingListApp" */;
			compatibilityVersion = "Xcode 3.2";
			developmentRegion = English;
			hasScannedForEncodings = 0;
			knownRegions = (
				en,
				Base,
			);
			mainGroup = AC2C53161BB6645F00A616A8;
			productRefGroup = AC2C53201BB6645F00A616A8 /* Products */;
			projectDirPath = "";
			projectRoot = "";
			targets = (
				AC2C531E1BB6645F00A616A8 /* shoppingListApp */,
				AC2C53321BB6646000A616A8 /* shoppingListAppTests */,
				AC2C533D1BB6646000A616A8 /* shoppingListAppUITests */,
			);
		};
/* End PBXProject section */

/* Begin PBXResourcesBuildPhase section */
		AC2C531D1BB6645F00A616A8 /* Resources */ = {
			isa = PBXResourcesBuildPhase;
			buildActionMask = 2147483647;
			files = (
				AC2C532D1BB6645F00A616A8 /* LaunchScreen.storyboard in Resources */,
				AC2C532A1BB6645F00A616A8 /* Assets.xcassets in Resources */,
				AC2C53281BB6645F00A616A8 /* Main.storyboard in Resources */,
			);
			runOnlyForDeploymentPostprocessing = 0;
		};
		AC2C53311BB6646000A616A8 /* Resources */ = {
			isa = PBXResourcesBuildPhase;
			buildActionMask = 2147483647;
			files = (
			);
			runOnlyForDeploymentPostprocessing = 0;
		};
		AC2C533C1BB6646000A616A8 /* Resources */ = {
			isa = PBXResourcesBuildPhase;
			buildActionMask = 2147483647;
			files = (
			);
			runOnlyForDeploymentPostprocessing = 0;
		};
/* End PBXResourcesBuildPhase section */

/* Begin PBXSourcesBuildPhase section */
		AC2C531B1BB6645F00A616A8 /* Sources */ = {
			isa = PBXSourcesBuildPhase;
			buildActionMask = 2147483647;
			files = (
				AC2C53251BB6645F00A616A8 /* ViewController.swift in Sources */,
				AC2C53231BB6645F00A616A8 /* AppDelegate.swift in Sources */,
			);
			runOnlyForDeploymentPostprocessing = 0;
		};
		AC2C532F1BB6646000A616A8 /* Sources */ = {
			isa = PBXSourcesBuildPhase;
			buildActionMask = 2147483647;
			files = (
				AC2C53381BB6646000A616A8 /* shoppingListAppTests.swift in Sources */,
			);
			runOnlyForDeploymentPostprocessing = 0;
		};
		AC2C533A1BB6646000A616A8 /* Sources */ = {
			isa = PBXSourcesBuildPhase;
			buildActionMask = 2147483647;
			files = (
				AC2C53431BB6646000A616A8 /* shoppingListAppUITests.swift in Sources */,
			);
			runOnlyForDeploymentPostprocessing = 0;
		};
/* End PBXSourcesBuildPhase section */

/* Begin PBXTargetDependency section */
		AC2C53351BB6646000A616A8 /* PBXTargetDependency */ = {
			isa = PBXTargetDependency;
			target = AC2C531E1BB6645F00A616A8 /* shoppingListApp */;
			targetProxy = AC2C53341BB6646000A616A8 /* PBXContainerItemProxy */;
		};
		AC2C53401BB6646000A616A8 /* PBXTargetDependency */ = {
			isa = PBXTargetDependency;
			target = AC2C531E1BB6645F00A616A8 /* shoppingListApp */;
			targetProxy = AC2C533F1BB6646000A616A8 /* PBXContainerItemProxy */;
		};
/* End PBXTargetDependency section */

/* Begin PBXVariantGroup section */
		AC2C53261BB6645F00A616A8 /* Main.storyboard */ = {
			isa = PBXVariantGroup;
			children = (
				AC2C53271BB6645F00A616A8 /* Base */,
			);
			name = Main.storyboard;
			sourceTree = "<group>";
		};
		AC2C532B1BB6645F00A616A8 /* LaunchScreen.storyboard */ = {
			isa = PBXVariantGroup;
			children = (
				AC2C532C1BB6645F00A616A8 /* Base */,
			);
			name = LaunchScreen.storyboard;
			sourceTree = "<group>";
		};
/* End PBXVariantGroup section */

/* Begin XCBuildConfiguration section */
		AC2C53451BB6646000A616A8 /* Debug */ = {
			isa = XCBuildConfiguration;
			buildSettings = {
				ALWAYS_SEARCH_USER_PATHS = NO;
				CLANG_CXX_LANGUAGE_STANDARD = "gnu++0x";
				CLANG_CXX_LIBRARY = "libc++";
				CLANG_ENABLE_MODULES = YES;
				CLANG_ENABLE_OBJC_ARC = YES;
				CLANG_WARN_BOOL_CONVERSION = YES;
				CLANG_WARN_CONSTANT_CONVERSION = YES;
				CLANG_WARN_DIRECT_OBJC_ISA_USAGE = YES_ERROR;
				CLANG_WARN_EMPTY_BODY = YES;
				CLANG_WARN_ENUM_CONVERSION = YES;
				CLANG_WARN_INT_CONVERSION = YES;
				CLANG_WARN_OBJC_ROOT_CLASS = YES_ERROR;
				CLANG_WARN_UNREACHABLE_CODE = YES;
				CLANG_WARN__DUPLICATE_METHOD_MATCH = YES;
				"CODE_SIGN_IDENTITY[sdk=iphoneos*]" = "iPhone Developer";
				COPY_PHASE_STRIP = NO;
				DEBUG_INFORMATION_FORMAT = dwarf;
				ENABLE_STRICT_OBJC_MSGSEND = YES;
				ENABLE_TESTABILITY = YES;
				GCC_C_LANGUAGE_STANDARD = gnu99;
				GCC_DYNAMIC_NO_PIC = NO;
				GCC_NO_COMMON_BLOCKS = YES;
				GCC_OPTIMIZATION_LEVEL = 0;
				GCC_PREPROCESSOR_DEFINITIONS = (
					"DEBUG=1",
					"$(inherited)",
				);
				GCC_WARN_64_TO_32_BIT_CONVERSION = YES;
				GCC_WARN_ABOUT_RETURN_TYPE = YES_ERROR;
				GCC_WARN_UNDECLARED_SELECTOR = YES;
				GCC_WARN_UNINITIALIZED_AUTOS = YES_AGGRESSIVE;
				GCC_WARN_UNUSED_FUNCTION = YES;
				GCC_WARN_UNUSED_VARIABLE = YES;
				IPHONEOS_DEPLOYMENT_TARGET = 9.0;
				MTL_ENABLE_DEBUG_INFO = YES;
				ONLY_ACTIVE_ARCH = YES;
				SDKROOT = iphoneos;
				SWIFT_OPTIMIZATION_LEVEL = "-Onone";
			};
			name = Debug;
		};
		AC2C53461BB6646000A616A8 /* Release */ = {
			isa = XCBuildConfiguration;
			buildSettings = {
				ALWAYS_SEARCH_USER_PATHS = NO;
				CLANG_CXX_LANGUAGE_STANDARD = "gnu++0x";
				CLANG_CXX_LIBRARY = "libc++";
				CLANG_ENABLE_MODULES = YES;
				CLANG_ENABLE_OBJC_ARC = YES;
				CLANG_WARN_BOOL_CONVERSION = YES;
				CLANG_WARN_CONSTANT_CONVERSION = YES;
				CLANG_WARN_DIRECT_OBJC_ISA_USAGE = YES_ERROR;
				CLANG_WARN_EMPTY_BODY = YES;
				CLANG_WARN_ENUM_CONVERSION = YES;
				CLANG_WARN_INT_CONVERSION = YES;
				CLANG_WARN_OBJC_ROOT_CLASS = YES_ERROR;
				CLANG_WARN_UNREACHABLE_CODE = YES;
				CLANG_WARN__DUPLICATE_METHOD_MATCH = YES;
				"CODE_SIGN_IDENTITY[sdk=iphoneos*]" = "iPhone Developer";
				COPY_PHASE_STRIP = NO;
				DEBUG_INFORMATION_FORMAT = "dwarf-with-dsym";
				ENABLE_NS_ASSERTIONS = NO;
				ENABLE_STRICT_OBJC_MSGSEND = YES;
				GCC_C_LANGUAGE_STANDARD = gnu99;
				GCC_NO_COMMON_BLOCKS = YES;
				GCC_WARN_64_TO_32_BIT_CONVERSION = YES;
				GCC_WARN_ABOUT_RETURN_TYPE = YES_ERROR;
				GCC_WARN_UNDECLARED_SELECTOR = YES;
				GCC_WARN_UNINITIALIZED_AUTOS = YES_AGGRESSIVE;
				GCC_WARN_UNUSED_FUNCTION = YES;
				GCC_WARN_UNUSED_VARIABLE = YES;
				IPHONEOS_DEPLOYMENT_TARGET = 9.0;
				MTL_ENABLE_DEBUG_INFO = NO;
				SDKROOT = iphoneos;
				VALIDATE_PRODUCT = YES;
			};
			name = Release;
		};
		AC2C53481BB6646000A616A8 /* Debug */ = {
			isa = XCBuildConfiguration;
			buildSettings = {
				ASSETCATALOG_COMPILER_APPICON_NAME = AppIcon;
				INFOPLIST_FILE = shoppingListApp/Info.plist;
				LD_RUNPATH_SEARCH_PATHS = "$(inherited) @executable_path/Frameworks";
				PRODUCT_BUNDLE_IDENTIFIER = com.digitalmirko.shoppingListApp;
				PRODUCT_NAME = "$(TARGET_NAME)";
			};
			name = Debug;
		};
		AC2C53491BB6646000A616A8 /* Release */ = {
			isa = XCBuildConfiguration;
			buildSettings = {
				ASSETCATALOG_COMPILER_APPICON_NAME = AppIcon;
				INFOPLIST_FILE = shoppingListApp/Info.plist;
				LD_RUNPATH_SEARCH_PATHS = "$(inherited) @executable_path/Frameworks";
				PRODUCT_BUNDLE_IDENTIFIER = com.digitalmirko.shoppingListApp;
				PRODUCT_NAME = "$(TARGET_NAME)";
			};
			name = Release;
		};
		AC2C534B1BB6646000A616A8 /* Debug */ = {
			isa = XCBuildConfiguration;
			buildSettings = {
				BUNDLE_LOADER = "$(TEST_HOST)";
				INFOPLIST_FILE = shoppingListAppTests/Info.plist;
				LD_RUNPATH_SEARCH_PATHS = "$(inherited) @executable_path/Frameworks @loader_path/Frameworks";
				PRODUCT_BUNDLE_IDENTIFIER = com.digitalmirko.shoppingListAppTests;
				PRODUCT_NAME = "$(TARGET_NAME)";
				TEST_HOST = "$(BUILT_PRODUCTS_DIR)/shoppingListApp.app/shoppingListApp";
			};
			name = Debug;
		};
		AC2C534C1BB6646000A616A8 /* Release */ = {
			isa = XCBuildConfiguration;
			buildSettings = {
				BUNDLE_LOADER = "$(TEST_HOST)";
				INFOPLIST_FILE = shoppingListAppTests/Info.plist;
				LD_RUNPATH_SEARCH_PATHS = "$(inherited) @executable_path/Frameworks @loader_path/Frameworks";
				PRODUCT_BUNDLE_IDENTIFIER = com.digitalmirko.shoppingListAppTests;
				PRODUCT_NAME = "$(TARGET_NAME)";
				TEST_HOST = "$(BUILT_PRODUCTS_DIR)/shoppingListApp.app/shoppingListApp";
			};
			name = Release;
		};
		AC2C534E1BB6646000A616A8 /* Debug */ = {
			isa = XCBuildConfiguration;
			buildSettings = {
				INFOPLIST_FILE = shoppingListAppUITests/Info.plist;
				LD_RUNPATH_SEARCH_PATHS = "$(inherited) @executable_path/Frameworks @loader_path/Frameworks";
				PRODUCT_BUNDLE_IDENTIFIER = com.digitalmirko.shoppingListAppUITests;
				PRODUCT_NAME = "$(TARGET_NAME)";
				TEST_TARGET_NAME = shoppingListApp;
				USES_XCTRUNNER = YES;
			};
			name = Debug;
		};
		AC2C534F1BB6646000A616A8 /* Release */ = {
			isa = XCBuildConfiguration;
			buildSettings = {
				INFOPLIST_FILE = shoppingListAppUITests/Info.plist;
				LD_RUNPATH_SEARCH_PATHS = "$(inherited) @executable_path/Frameworks @loader_path/Frameworks";
				PRODUCT_BUNDLE_IDENTIFIER = com.digitalmirko.shoppingListAppUITests;
				PRODUCT_NAME = "$(TARGET_NAME)";
				TEST_TARGET_NAME = shoppingListApp;
				USES_XCTRUNNER = YES;
			};
			name = Release;
		};
/* End XCBuildConfiguration section */

/* Begin XCConfigurationList section */
		AC2C531A1BB6645F00A616A8 /* Build configuration list for PBXProject "shoppingListApp" */ = {
			isa = XCConfigurationList;
			buildConfigurations = (
				AC2C53451BB6646000A616A8 /* Debug */,
				AC2C53461BB6646000A616A8 /* Release */,
			);
			defaultConfigurationIsVisible = 0;
			defaultConfigurationName = Release;
		};
		AC2C53471BB6646000A616A8 /* Build configuration list for PBXNativeTarget "shoppingListApp" */ = {
			isa = XCConfigurationList;
			buildConfigurations = (
				AC2C53481BB6646000A616A8 /* Debug */,
				AC2C53491BB6646000A616A8 /* Release */,
			);
			defaultConfigurationIsVisible = 0;
		};
		AC2C534A1BB6646000A616A8 /* Build configuration list for PBXNativeTarget "shoppingListAppTests" */ = {
			isa = XCConfigurationList;
			buildConfigurations = (
				AC2C534B1BB6646000A616A8 /* Debug */,
				AC2C534C1BB6646000A616A8 /* Release */,
			);
			defaultConfigurationIsVisible = 0;
		};
		AC2C534D1BB6646000A616A8 /* Build configuration list for PBXNativeTarget "shoppingListAppUITests" */ = {
			isa = XCConfigurationList;
			buildConfigurations = (
				AC2C534E1BB6646000A616A8 /* Debug */,
				AC2C534F1BB6646000A616A8 /* Release */,
			);
			defaultConfigurationIsVisible = 0;
		};
/* End XCConfigurationList section */
	};
	rootObject = AC2C53171BB6645F00A616A8 /* Project object */;
}
